{
  "name": "FlaskSE",
  "lockfileVersion": 2,
  "requires": true,
  "packages": {
    "": {
      "dependencies": {
        "charts.css": "^0.9.0",
        "jquery-csv": "^1.0.21"
      }
    },
    "node_modules/charts.css": {
      "version": "0.9.0",
      "resolved": "https://registry.npmjs.org/charts.css/-/charts.css-0.9.0.tgz",
      "integrity": "sha512-gOqyyRZGifTNCdyVdMwO6/9+5sHyue1csqOrCr7V/FwzuAiaj+gGL6DX7LGPXCHIQBumsM5/mKiIe/BadwzvzA=="
    },
    "node_modules/jquery-csv": {
      "version": "1.0.21",
      "resolved": "https://registry.npmjs.org/jquery-csv/-/jquery-csv-1.0.21.tgz",
      "integrity": "sha512-uDIFsJcC4xZEofK9pk3hwFQlyqf3FFwkQq6JIa882lf0pu/S0H4LqjCAEaULGM0uOcdCbGbMBh3b3LmPtF1a9A=="
    }
  },
  "dependencies": {
    "charts.css": {
      "version": "0.9.0",
      "resolved": "https://registry.npmjs.org/charts.css/-/charts.css-0.9.0.tgz",
      "integrity": "sha512-gOqyyRZGifTNCdyVdMwO6/9+5sHyue1csqOrCr7V/FwzuAiaj+gGL6DX7LGPXCHIQBumsM5/mKiIe/BadwzvzA=="
    },
    "jquery-csv": {
      "version": "1.0.21",
      "resolved": "https://registry.npmjs.org/jquery-csv/-/jquery-csv-1.0.21.tgz",
      "integrity": "sha512-uDIFsJcC4xZEofK9pk3hwFQlyqf3FFwkQq6JIa882lf0pu/S0H4LqjCAEaULGM0uOcdCbGbMBh3b3LmPtF1a9A=="
    }
  }
}
